// !$*UTF8*$!
{
	archiveVersion = 1;
	classes = {
	};
	objectVersion = 51;
	objects = {

/* Begin PBXBuildFile section */
		87334A1423968F800067A0EC /* AppDelegate.swift in Sources */ = {isa = PBXBuildFile; fileRef = 87334A1323968F800067A0EC /* AppDelegate.swift */; };
		87334A1D23968F820067A0EC /* Assets.xcassets in Resources */ = {isa = PBXBuildFile; fileRef = 87334A1C23968F820067A0EC /* Assets.xcassets */; };
		87334A2023968F830067A0EC /* LaunchScreen.storyboard in Resources */ = {isa = PBXBuildFile; fileRef = 87334A1E23968F830067A0EC /* LaunchScreen.storyboard */; };
		87334A2B23968F830067A0EC /* OpenWeatherAppTests.swift in Sources */ = {isa = PBXBuildFile; fileRef = 87334A2A23968F830067A0EC /* OpenWeatherAppTests.swift */; };
		87334A3623968F830067A0EC /* OpenWeatherAppUITests.swift in Sources */ = {isa = PBXBuildFile; fileRef = 87334A3523968F830067A0EC /* OpenWeatherAppUITests.swift */; };
		87334A482396A0790067A0EC /* MainListTableView.swift in Sources */ = {isa = PBXBuildFile; fileRef = 87334A472396A0790067A0EC /* MainListTableView.swift */; };
		87334A4A2396A3270067A0EC /* CityTableViewCell.swift in Sources */ = {isa = PBXBuildFile; fileRef = 87334A492396A3270067A0EC /* CityTableViewCell.swift */; };
		87334A4C2397BC100067A0EC /* Weather.swift in Sources */ = {isa = PBXBuildFile; fileRef = 87334A4B2397BC100067A0EC /* Weather.swift */; };
		87334A4E2397BCB90067A0EC /* ParseHelper.swift in Sources */ = {isa = PBXBuildFile; fileRef = 87334A4D2397BCB90067A0EC /* ParseHelper.swift */; };
		87334A502397BD230067A0EC /* NetworkService.swift in Sources */ = {isa = PBXBuildFile; fileRef = 87334A4F2397BD230067A0EC /* NetworkService.swift */; };
		E1965ACD0846211902DCCB05 /* Pods_OpenWeatherApp.framework in Frameworks */ = {isa = PBXBuildFile; fileRef = C25DD7E5956D7A5AF0FE6E7C /* Pods_OpenWeatherApp.framework */; };
/* End PBXBuildFile section */

/* Begin PBXContainerItemProxy section */
		87334A2723968F830067A0EC /* PBXContainerItemProxy */ = {
			isa = PBXContainerItemProxy;
			containerPortal = 87334A0823968F800067A0EC /* Project object */;
			proxyType = 1;
			remoteGlobalIDString = 87334A0F23968F800067A0EC;
			remoteInfo = OpenWeatherApp;
		};
		87334A3223968F830067A0EC /* PBXContainerItemProxy */ = {
			isa = PBXContainerItemProxy;
			containerPortal = 87334A0823968F800067A0EC /* Project object */;
			proxyType = 1;
			remoteGlobalIDString = 87334A0F23968F800067A0EC;
			remoteInfo = OpenWeatherApp;
		};
/* End PBXContainerItemProxy section */

/* Begin PBXFileReference section */
		78165D8F709BC04C59CA0769 /* Pods-OpenWeatherApp.debug.xcconfig */ = {isa = PBXFileReference; includeInIndex = 1; lastKnownFileType = text.xcconfig; name = "Pods-OpenWeatherApp.debug.xcconfig"; path = "Target Support Files/Pods-OpenWeatherApp/Pods-OpenWeatherApp.debug.xcconfig"; sourceTree = "<group>"; };
		87334A1023968F800067A0EC /* OpenWeatherApp.app */ = {isa = PBXFileReference; explicitFileType = wrapper.application; includeInIndex = 0; path = OpenWeatherApp.app; sourceTree = BUILT_PRODUCTS_DIR; };
		87334A1323968F800067A0EC /* AppDelegate.swift */ = {isa = PBXFileReference; lastKnownFileType = sourcecode.swift; path = AppDelegate.swift; sourceTree = "<group>"; wrapsLines = 1; };
		87334A1C23968F820067A0EC /* Assets.xcassets */ = {isa = PBXFileReference; lastKnownFileType = folder.assetcatalog; path = Assets.xcassets; sourceTree = "<group>"; };
		87334A1F23968F830067A0EC /* Base */ = {isa = PBXFileReference; lastKnownFileType = file.storyboard; name = Base; path = Base.lproj/LaunchScreen.storyboard; sourceTree = "<group>"; };
		87334A2123968F830067A0EC /* Info.plist */ = {isa = PBXFileReference; lastKnownFileType = text.plist.xml; path = Info.plist; sourceTree = "<group>"; };
		87334A2623968F830067A0EC /* OpenWeatherAppTests.xctest */ = {isa = PBXFileReference; explicitFileType = wrapper.cfbundle; includeInIndex = 0; path = OpenWeatherAppTests.xctest; sourceTree = BUILT_PRODUCTS_DIR; };
		87334A2A23968F830067A0EC /* OpenWeatherAppTests.swift */ = {isa = PBXFileReference; lastKnownFileType = sourcecode.swift; path = OpenWeatherAppTests.swift; sourceTree = "<group>"; };
		87334A2C23968F830067A0EC /* Info.plist */ = {isa = PBXFileReference; lastKnownFileType = text.plist.xml; path = Info.plist; sourceTree = "<group>"; };
		87334A3123968F830067A0EC /* OpenWeatherAppUITests.xctest */ = {isa = PBXFileReference; explicitFileType = wrapper.cfbundle; includeInIndex = 0; path = OpenWeatherAppUITests.xctest; sourceTree = BUILT_PRODUCTS_DIR; };
		87334A3523968F830067A0EC /* OpenWeatherAppUITests.swift */ = {isa = PBXFileReference; lastKnownFileType = sourcecode.swift; path = OpenWeatherAppUITests.swift; sourceTree = "<group>"; };
		87334A3723968F830067A0EC /* Info.plist */ = {isa = PBXFileReference; lastKnownFileType = text.plist.xml; path = Info.plist; sourceTree = "<group>"; };
		87334A472396A0790067A0EC /* MainListTableView.swift */ = {isa = PBXFileReference; lastKnownFileType = sourcecode.swift; path = MainListTableView.swift; sourceTree = "<group>"; };
		87334A492396A3270067A0EC /* CityTableViewCell.swift */ = {isa = PBXFileReference; lastKnownFileType = sourcecode.swift; path = CityTableViewCell.swift; sourceTree = "<group>"; };
		87334A4B2397BC100067A0EC /* Weather.swift */ = {isa = PBXFileReference; lastKnownFileType = sourcecode.swift; path = Weather.swift; sourceTree = "<group>"; };
		87334A4D2397BCB90067A0EC /* ParseHelper.swift */ = {isa = PBXFileReference; lastKnownFileType = sourcecode.swift; path = ParseHelper.swift; sourceTree = "<group>"; };
		87334A4F2397BD230067A0EC /* NetworkService.swift */ = {isa = PBXFileReference; lastKnownFileType = sourcecode.swift; path = NetworkService.swift; sourceTree = "<group>"; };
		8EFD81605BD6A35904F723DF /* Pods-OpenWeatherApp.release.xcconfig */ = {isa = PBXFileReference; includeInIndex = 1; lastKnownFileType = text.xcconfig; name = "Pods-OpenWeatherApp.release.xcconfig"; path = "Target Support Files/Pods-OpenWeatherApp/Pods-OpenWeatherApp.release.xcconfig"; sourceTree = "<group>"; };
		C25DD7E5956D7A5AF0FE6E7C /* Pods_OpenWeatherApp.framework */ = {isa = PBXFileReference; explicitFileType = wrapper.framework; includeInIndex = 0; path = Pods_OpenWeatherApp.framework; sourceTree = BUILT_PRODUCTS_DIR; };
/* End PBXFileReference section */

/* Begin PBXFrameworksBuildPhase section */
		87334A0D23968F800067A0EC /* Frameworks */ = {
			isa = PBXFrameworksBuildPhase;
			buildActionMask = 2147483647;
			files = (
				E1965ACD0846211902DCCB05 /* Pods_OpenWeatherApp.framework in Frameworks */,
			);
			runOnlyForDeploymentPostprocessing = 0;
		};
		87334A2323968F830067A0EC /* Frameworks */ = {
			isa = PBXFrameworksBuildPhase;
			buildActionMask = 2147483647;
			files = (
			);
			runOnlyForDeploymentPostprocessing = 0;
		};
		87334A2E23968F830067A0EC /* Frameworks */ = {
			isa = PBXFrameworksBuildPhase;
			buildActionMask = 2147483647;
			files = (
			);
			runOnlyForDeploymentPostprocessing = 0;
		};
/* End PBXFrameworksBuildPhase section */

/* Begin PBXGroup section */
		43D8484853305413DEE2635A /* Pods */ = {
			isa = PBXGroup;
			children = (
				78165D8F709BC04C59CA0769 /* Pods-OpenWeatherApp.debug.xcconfig */,
				8EFD81605BD6A35904F723DF /* Pods-OpenWeatherApp.release.xcconfig */,
			);
			path = Pods;
			sourceTree = "<group>";
		};
		87334A0723968F800067A0EC = {
			isa = PBXGroup;
			children = (
				87334A1223968F800067A0EC /* OpenWeatherApp */,
				87334A2923968F830067A0EC /* OpenWeatherAppTests */,
				87334A3423968F830067A0EC /* OpenWeatherAppUITests */,
				87334A1123968F800067A0EC /* Products */,
				43D8484853305413DEE2635A /* Pods */,
				C23B66C1CD7ABAE3CEDE5AE2 /* Frameworks */,
			);
			sourceTree = "<group>";
		};
		87334A1123968F800067A0EC /* Products */ = {
			isa = PBXGroup;
			children = (
				87334A1023968F800067A0EC /* OpenWeatherApp.app */,
				87334A2623968F830067A0EC /* OpenWeatherAppTests.xctest */,
				87334A3123968F830067A0EC /* OpenWeatherAppUITests.xctest */,
			);
			name = Products;
			sourceTree = "<group>";
		};
		87334A1223968F800067A0EC /* OpenWeatherApp */ = {
			isa = PBXGroup;
			children = (
				87334A43239693160067A0EC /* Model */,
				87334A44239693200067A0EC /* View */,
				87334A45239693270067A0EC /* ViewModel */,
				87334A46239693310067A0EC /* Service */,
				87334A1323968F800067A0EC /* AppDelegate.swift */,
				87334A1C23968F820067A0EC /* Assets.xcassets */,
				87334A2123968F830067A0EC /* Info.plist */,
			);
			path = OpenWeatherApp;
			sourceTree = "<group>";
		};
		87334A2923968F830067A0EC /* OpenWeatherAppTests */ = {
			isa = PBXGroup;
			children = (
				87334A2A23968F830067A0EC /* OpenWeatherAppTests.swift */,
				87334A2C23968F830067A0EC /* Info.plist */,
			);
			path = OpenWeatherAppTests;
			sourceTree = "<group>";
		};
		87334A3423968F830067A0EC /* OpenWeatherAppUITests */ = {
			isa = PBXGroup;
			children = (
				87334A3523968F830067A0EC /* OpenWeatherAppUITests.swift */,
				87334A3723968F830067A0EC /* Info.plist */,
			);
			path = OpenWeatherAppUITests;
			sourceTree = "<group>";
		};
		87334A43239693160067A0EC /* Model */ = {
			isa = PBXGroup;
			children = (
				87334A4B2397BC100067A0EC /* Weather.swift */,
			);
			path = Model;
			sourceTree = "<group>";
		};
		87334A44239693200067A0EC /* View */ = {
			isa = PBXGroup;
			children = (
				87334A1E23968F830067A0EC /* LaunchScreen.storyboard */,
				87334A492396A3270067A0EC /* CityTableViewCell.swift */,
			);
			path = View;
			sourceTree = "<group>";
		};
		87334A45239693270067A0EC /* ViewModel */ = {
			isa = PBXGroup;
			children = (
				87334A472396A0790067A0EC /* MainListTableView.swift */,
			);
			path = ViewModel;
			sourceTree = "<group>";
		};
		87334A46239693310067A0EC /* Service */ = {
			isa = PBXGroup;
			children = (
				87334A4D2397BCB90067A0EC /* ParseHelper.swift */,
				87334A4F2397BD230067A0EC /* NetworkService.swift */,
			);
			path = Service;
			sourceTree = "<group>";
		};
		C23B66C1CD7ABAE3CEDE5AE2 /* Frameworks */ = {
			isa = PBXGroup;
			children = (
				C25DD7E5956D7A5AF0FE6E7C /* Pods_OpenWeatherApp.framework */,
			);
			name = Frameworks;
			sourceTree = "<group>";
		};
/* End PBXGroup section */

/* Begin PBXNativeTarget section */
		87334A0F23968F800067A0EC /* OpenWeatherApp */ = {
			isa = PBXNativeTarget;
			buildConfigurationList = 87334A3A23968F830067A0EC /* Build configuration list for PBXNativeTarget "OpenWeatherApp" */;
			buildPhases = (
				B4B26C2E1384BDDD6E93093F /* [CP] Check Pods Manifest.lock */,
				87334A0C23968F800067A0EC /* Sources */,
				87334A0D23968F800067A0EC /* Frameworks */,
				87334A0E23968F800067A0EC /* Resources */,
				21D9312AB6C12C376755F4D6 /* [CP] Embed Pods Frameworks */,
			);
			buildRules = (
			);
			dependencies = (
			);
			name = OpenWeatherApp;
			productName = OpenWeatherApp;
			productReference = 87334A1023968F800067A0EC /* OpenWeatherApp.app */;
			productType = "com.apple.product-type.application";
		};
		87334A2523968F830067A0EC /* OpenWeatherAppTests */ = {
			isa = PBXNativeTarget;
			buildConfigurationList = 87334A3D23968F830067A0EC /* Build configuration list for PBXNativeTarget "OpenWeatherAppTests" */;
			buildPhases = (
				87334A2223968F830067A0EC /* Sources */,
				87334A2323968F830067A0EC /* Frameworks */,
				87334A2423968F830067A0EC /* Resources */,
			);
			buildRules = (
			);
			dependencies = (
				87334A2823968F830067A0EC /* PBXTargetDependency */,
			);
			name = OpenWeatherAppTests;
			productName = OpenWeatherAppTests;
			productReference = 87334A2623968F830067A0EC /* OpenWeatherAppTests.xctest */;
			productType = "com.apple.product-type.bundle.unit-test";
		};
		87334A3023968F830067A0EC /* OpenWeatherAppUITests */ = {
			isa = PBXNativeTarget;
			buildConfigurationList = 87334A4023968F830067A0EC /* Build configuration list for PBXNativeTarget "OpenWeatherAppUITests" */;
			buildPhases = (
				87334A2D23968F830067A0EC /* Sources */,
				87334A2E23968F830067A0EC /* Frameworks */,
				87334A2F23968F830067A0EC /* Resources */,
			);
			buildRules = (
			);
			dependencies = (
				87334A3323968F830067A0EC /* PBXTargetDependency */,
			);
			name = OpenWeatherAppUITests;
			productName = OpenWeatherAppUITests;
			productReference = 87334A3123968F830067A0EC /* OpenWeatherAppUITests.xctest */;
			productType = "com.apple.product-type.bundle.ui-testing";
		};
/* End PBXNativeTarget section */

/* Begin PBXProject section */
		87334A0823968F800067A0EC /* Project object */ = {
			isa = PBXProject;
			attributes = {
				LastSwiftUpdateCheck = 1120;
				LastUpgradeCheck = 1120;
				ORGANIZATIONNAME = Grace;
				TargetAttributes = {
					87334A0F23968F800067A0EC = {
						CreatedOnToolsVersion = 11.2;
					};
					87334A2523968F830067A0EC = {
						CreatedOnToolsVersion = 11.2;
						TestTargetID = 87334A0F23968F800067A0EC;
					};
					87334A3023968F830067A0EC = {
						CreatedOnToolsVersion = 11.2;
						TestTargetID = 87334A0F23968F800067A0EC;
					};
				};
			};
			buildConfigurationList = 87334A0B23968F800067A0EC /* Build configuration list for PBXProject "OpenWeatherApp" */;
			compatibilityVersion = "Xcode 9.3";
			developmentRegion = en;
			hasScannedForEncodings = 0;
			knownRegions = (
				en,
				Base,
			);
			mainGroup = 87334A0723968F800067A0EC;
			productRefGroup = 87334A1123968F800067A0EC /* Products */;
			projectDirPath = "";
			projectRoot = "";
			targets = (
				87334A0F23968F800067A0EC /* OpenWeatherApp */,
				87334A2523968F830067A0EC /* OpenWeatherAppTests */,
				87334A3023968F830067A0EC /* OpenWeatherAppUITests */,
			);
		};
/* End PBXProject section */

/* Begin PBXResourcesBuildPhase section */
		87334A0E23968F800067A0EC /* Resources */ = {
			isa = PBXResourcesBuildPhase;
			buildActionMask = 2147483647;
			files = (
				87334A2023968F830067A0EC /* LaunchScreen.storyboard in Resources */,
				87334A1D23968F820067A0EC /* Assets.xcassets in Resources */,
			);
			runOnlyForDeploymentPostprocessing = 0;
		};
		87334A2423968F830067A0EC /* Resources */ = {
			isa = PBXResourcesBuildPhase;
			buildActionMask = 2147483647;
			files = (
			);
			runOnlyForDeploymentPostprocessing = 0;
		};
		87334A2F23968F830067A0EC /* Resources */ = {
			isa = PBXResourcesBuildPhase;
			buildActionMask = 2147483647;
			files = (
			);
			runOnlyForDeploymentPostprocessing = 0;
		};
/* End PBXResourcesBuildPhase section */

/* Begin PBXShellScriptBuildPhase section */
		21D9312AB6C12C376755F4D6 /* [CP] Embed Pods Frameworks */ = {
			isa = PBXShellScriptBuildPhase;
			buildActionMask = 2147483647;
			files = (
			);
			inputFileListPaths = (
				"${PODS_ROOT}/Target Support Files/Pods-OpenWeatherApp/Pods-OpenWeatherApp-frameworks-${CONFIGURATION}-input-files.xcfilelist",
			);
			name = "[CP] Embed Pods Frameworks";
			outputFileListPaths = (
				"${PODS_ROOT}/Target Support Files/Pods-OpenWeatherApp/Pods-OpenWeatherApp-frameworks-${CONFIGURATION}-output-files.xcfilelist",
			);
			runOnlyForDeploymentPostprocessing = 0;
			shellPath = /bin/sh;
			shellScript = "\"${PODS_ROOT}/Target Support Files/Pods-OpenWeatherApp/Pods-OpenWeatherApp-frameworks.sh\"\n";
			showEnvVarsInLog = 0;
		};
		B4B26C2E1384BDDD6E93093F /* [CP] Check Pods Manifest.lock */ = {
			isa = PBXShellScriptBuildPhase;
			buildActionMask = 2147483647;
			files = (
			);
			inputFileListPaths = (
			);
			inputPaths = (
				"${PODS_PODFILE_DIR_PATH}/Podfile.lock",
				"${PODS_ROOT}/Manifest.lock",
			);
			name = "[CP] Check Pods Manifest.lock";
			outputFileListPaths = (
			);
			outputPaths = (
				"$(DERIVED_FILE_DIR)/Pods-OpenWeatherApp-checkManifestLockResult.txt",
			);
			runOnlyForDeploymentPostprocessing = 0;
			shellPath = /bin/sh;
			shellScript = "diff \"${PODS_PODFILE_DIR_PATH}/Podfile.lock\" \"${PODS_ROOT}/Manifest.lock\" > /dev/null\nif [ $? != 0 ] ; then\n    # print error to STDERR\n    echo \"error: The sandbox is not in sync with the Podfile.lock. Run 'pod install' or update your CocoaPods installation.\" >&2\n    exit 1\nfi\n# This output is used by Xcode 'outputs' to avoid re-running this script phase.\necho \"SUCCESS\" > \"${SCRIPT_OUTPUT_FILE_0}\"\n";
			showEnvVarsInLog = 0;
		};
/* End PBXShellScriptBuildPhase section */

/* Begin PBXSourcesBuildPhase section */
		87334A0C23968F800067A0EC /* Sources */ = {
			isa = PBXSourcesBuildPhase;
			buildActionMask = 2147483647;
			files = (
				87334A4C2397BC100067A0EC /* Weather.swift in Sources */,
				87334A482396A0790067A0EC /* MainListTableView.swift in Sources */,
				87334A4A2396A3270067A0EC /* CityTableViewCell.swift in Sources */,
				87334A1423968F800067A0EC /* AppDelegate.swift in Sources */,
				87334A502397BD230067A0EC /* NetworkService.swift in Sources */,
				87334A4E2397BCB90067A0EC /* ParseHelper.swift in Sources */,
			);
			runOnlyForDeploymentPostprocessing = 0;
		};
		87334A2223968F830067A0EC /* Sources */ = {
			isa = PBXSourcesBuildPhase;
			buildActionMask = 2147483647;
			files = (
				87334A2B23968F830067A0EC /* OpenWeatherAppTests.swift in Sources */,
			);
			runOnlyForDeploymentPostprocessing = 0;
		};
		87334A2D23968F830067A0EC /* Sources */ = {
			isa = PBXSourcesBuildPhase;
			buildActionMask = 2147483647;
			files = (
				87334A3623968F830067A0EC /* OpenWeatherAppUITests.swift in Sources */,
			);
			runOnlyForDeploymentPostprocessing = 0;
		};
/* End PBXSourcesBuildPhase section */

/* Begin PBXTargetDependency section */
		87334A2823968F830067A0EC /* PBXTargetDependency */ = {
			isa = PBXTargetDependency;
			target = 87334A0F23968F800067A0EC /* OpenWeatherApp */;
			targetProxy = 87334A2723968F830067A0EC /* PBXContainerItemProxy */;
		};
		87334A3323968F830067A0EC /* PBXTargetDependency */ = {
			isa = PBXTargetDependency;
			target = 87334A0F23968F800067A0EC /* OpenWeatherApp */;
			targetProxy = 87334A3223968F830067A0EC /* PBXContainerItemProxy */;
		};
/* End PBXTargetDependency section */

/* Begin PBXVariantGroup section */
		87334A1E23968F830067A0EC /* LaunchScreen.storyboard */ = {
			isa = PBXVariantGroup;
			children = (
				87334A1F23968F830067A0EC /* Base */,
			);
			name = LaunchScreen.storyboard;
			sourceTree = "<group>";
		};
/* End PBXVariantGroup section */

/* Begin XCBuildConfiguration section */
		87334A3823968F830067A0EC /* Debug */ = {
			isa = XCBuildConfiguration;
			buildSettings = {
				ALWAYS_SEARCH_USER_PATHS = NO;
				CLANG_ANALYZER_NONNULL = YES;
				CLANG_ANALYZER_NUMBER_OBJECT_CONVERSION = YES_AGGRESSIVE;
				CLANG_CXX_LANGUAGE_STANDARD = "gnu++14";
				CLANG_CXX_LIBRARY = "libc++";
				CLANG_ENABLE_MODULES = YES;
				CLANG_ENABLE_OBJC_ARC = YES;
				CLANG_ENABLE_OBJC_WEAK = YES;
				CLANG_WARN_BLOCK_CAPTURE_AUTORELEASING = YES;
				CLANG_WARN_BOOL_CONVERSION = YES;
				CLANG_WARN_COMMA = YES;
				CLANG_WARN_CONSTANT_CONVERSION = YES;
				CLANG_WARN_DEPRECATED_OBJC_IMPLEMENTATIONS = YES;
				CLANG_WARN_DIRECT_OBJC_ISA_USAGE = YES_ERROR;
				CLANG_WARN_DOCUMENTATION_COMMENTS = YES;
				CLANG_WARN_EMPTY_BODY = YES;
				CLANG_WARN_ENUM_CONVERSION = YES;
				CLANG_WARN_INFINITE_RECURSION = YES;
				CLANG_WARN_INT_CONVERSION = YES;
				CLANG_WARN_NON_LITERAL_NULL_CONVERSION = YES;
				CLANG_WARN_OBJC_IMPLICIT_RETAIN_SELF = YES;
				CLANG_WARN_OBJC_LITERAL_CONVERSION = YES;
				CLANG_WARN_OBJC_ROOT_CLASS = YES_ERROR;
				CLANG_WARN_RANGE_LOOP_ANALYSIS = YES;
				CLANG_WARN_STRICT_PROTOTYPES = YES;
				CLANG_WARN_SUSPICIOUS_MOVE = YES;
				CLANG_WARN_UNGUARDED_AVAILABILITY = YES_AGGRESSIVE;
				CLANG_WARN_UNREACHABLE_CODE = YES;
				CLANG_WARN__DUPLICATE_METHOD_MATCH = YES;
				COPY_PHASE_STRIP = NO;
				DEBUG_INFORMATION_FORMAT = dwarf;
				ENABLE_STRICT_OBJC_MSGSEND = YES;
				ENABLE_TESTABILITY = YES;
				GCC_C_LANGUAGE_STANDARD = gnu11;
				GCC_DYNAMIC_NO_PIC = NO;
				GCC_NO_COMMON_BLOCKS = YES;
				GCC_OPTIMIZATION_LEVEL = 0;
				GCC_PREPROCESSOR_DEFINITIONS = (
					"DEBUG=1",
					"$(inherited)",
				);
				GCC_WARN_64_TO_32_BIT_CONVERSION = YES;
				GCC_WARN_ABOUT_RETURN_TYPE = YES_ERROR;
				GCC_WARN_UNDECLARED_SELECTOR = YES;
				GCC_WARN_UNINITIALIZED_AUTOS = YES_AGGRESSIVE;
				GCC_WARN_UNUSED_FUNCTION = YES;
				GCC_WARN_UNUSED_VARIABLE = YES;
				IPHONEOS_DEPLOYMENT_TARGET = 13.2;
				MTL_ENABLE_DEBUG_INFO = INCLUDE_SOURCE;
				MTL_FAST_MATH = YES;
				ONLY_ACTIVE_ARCH = YES;
				SDKROOT = iphoneos;
				SWIFT_ACTIVE_COMPILATION_CONDITIONS = DEBUG;
				SWIFT_OPTIMIZATION_LEVEL = "-Onone";
			};
			name = Debug;
		};
		87334A3923968F830067A0EC /* Release */ = {
			isa = XCBuildConfiguration;
			buildSettings = {
				ALWAYS_SEARCH_USER_PATHS = NO;
				CLANG_ANALYZER_NONNULL = YES;
				CLANG_ANALYZER_NUMBER_OBJECT_CONVERSION = YES_AGGRESSIVE;
				CLANG_CXX_LANGUAGE_STANDARD = "gnu++14";
				CLANG_CXX_LIBRARY = "libc++";
				CLANG_ENABLE_MODULES = YES;
				CLANG_ENABLE_OBJC_ARC = YES;
				CLANG_ENABLE_OBJC_WEAK = YES;
				CLANG_WARN_BLOCK_CAPTURE_AUTORELEASING = YES;
				CLANG_WARN_BOOL_CONVERSION = YES;
				CLANG_WARN_COMMA = YES;
				CLANG_WARN_CONSTANT_CONVERSION = YES;
				CLANG_WARN_DEPRECATED_OBJC_IMPLEMENTATIONS = YES;
				CLANG_WARN_DIRECT_OBJC_ISA_USAGE = YES_ERROR;
				CLANG_WARN_DOCUMENTATION_COMMENTS = YES;
				CLANG_WARN_EMPTY_BODY = YES;
				CLANG_WARN_ENUM_CONVERSION = YES;
				CLANG_WARN_INFINITE_RECURSION = YES;
				CLANG_WARN_INT_CONVERSION = YES;
				CLANG_WARN_NON_LITERAL_NULL_CONVERSION = YES;
				CLANG_WARN_OBJC_IMPLICIT_RETAIN_SELF = YES;
				CLANG_WARN_OBJC_LITERAL_CONVERSION = YES;
				CLANG_WARN_OBJC_ROOT_CLASS = YES_ERROR;
				CLANG_WARN_RANGE_LOOP_ANALYSIS = YES;
				CLANG_WARN_STRICT_PROTOTYPES = YES;
				CLANG_WARN_SUSPICIOUS_MOVE = YES;
				CLANG_WARN_UNGUARDED_AVAILABILITY = YES_AGGRESSIVE;
				CLANG_WARN_UNREACHABLE_CODE = YES;
				CLANG_WARN__DUPLICATE_METHOD_MATCH = YES;
				COPY_PHASE_STRIP = NO;
				DEBUG_INFORMATION_FORMAT = "dwarf-with-dsym";
				ENABLE_NS_ASSERTIONS = NO;
				ENABLE_STRICT_OBJC_MSGSEND = YES;
				GCC_C_LANGUAGE_STANDARD = gnu11;
				GCC_NO_COMMON_BLOCKS = YES;
				GCC_WARN_64_TO_32_BIT_CONVERSION = YES;
				GCC_WARN_ABOUT_RETURN_TYPE = YES_ERROR;
				GCC_WARN_UNDECLARED_SELECTOR = YES;
				GCC_WARN_UNINITIALIZED_AUTOS = YES_AGGRESSIVE;
				GCC_WARN_UNUSED_FUNCTION = YES;
				GCC_WARN_UNUSED_VARIABLE = YES;
				IPHONEOS_DEPLOYMENT_TARGET = 13.2;
				MTL_ENABLE_DEBUG_INFO = NO;
				MTL_FAST_MATH = YES;
				SDKROOT = iphoneos;
				SWIFT_COMPILATION_MODE = wholemodule;
				SWIFT_OPTIMIZATION_LEVEL = "-O";
				VALIDATE_PRODUCT = YES;
			};
			name = Release;
		};
		87334A3B23968F830067A0EC /* Debug */ = {
			isa = XCBuildConfiguration;
			baseConfigurationReference = 78165D8F709BC04C59CA0769 /* Pods-OpenWeatherApp.debug.xcconfig */;
			buildSettings = {
				ASSETCATALOG_COMPILER_APPICON_NAME = AppIcon;
				CODE_SIGN_STYLE = Automatic;
				INFOPLIST_FILE = OpenWeatherApp/Info.plist;
				IPHONEOS_DEPLOYMENT_TARGET = 11.0;
				LD_RUNPATH_SEARCH_PATHS = (
					"$(inherited)",
					"@executable_path/Frameworks",
				);
				PRODUCT_BUNDLE_IDENTIFIER = com.njoroge.OpenWeatherApp;
				PRODUCT_NAME = "$(TARGET_NAME)";
				SWIFT_VERSION = 4.0;
				TARGETED_DEVICE_FAMILY = 1;
			};
			name = Debug;
		};
		87334A3C23968F830067A0EC /* Release */ = {
			isa = XCBuildConfiguration;
			baseConfigurationReference = 8EFD81605BD6A35904F723DF /* Pods-OpenWeatherApp.release.xcconfig */;
			buildSettings = {
				ASSETCATALOG_COMPILER_APPICON_NAME = AppIcon;
				CODE_SIGN_STYLE = Automatic;
				INFOPLIST_FILE = OpenWeatherApp/Info.plist;
				IPHONEOS_DEPLOYMENT_TARGET = 11.0;
				LD_RUNPATH_SEARCH_PATHS = (
					"$(inherited)",
					"@executable_path/Frameworks",
				);
				PRODUCT_BUNDLE_IDENTIFIER = com.njoroge.OpenWeatherApp;
				PRODUCT_NAME = "$(TARGET_NAME)";
				SWIFT_VERSION = 4.0;
				TARGETED_DEVICE_FAMILY = 1;
			};
			name = Release;
		};
		87334A3E23968F830067A0EC /* Debug */ = {
			isa = XCBuildConfiguration;
			buildSettings = {
				ALWAYS_EMBED_SWIFT_STANDARD_LIBRARIES = YES;
				BUNDLE_LOADER = "$(TEST_HOST)";
				CODE_SIGN_STYLE = Automatic;
				INFOPLIST_FILE = OpenWeatherAppTests/Info.plist;
				IPHONEOS_DEPLOYMENT_TARGET = 13.2;
				LD_RUNPATH_SEARCH_PATHS = (
					"$(inherited)",
					"@executable_path/Frameworks",
					"@loader_path/Frameworks",
				);
				PRODUCT_BUNDLE_IDENTIFIER = com.njoroge.OpenWeatherAppTests;
				PRODUCT_NAME = "$(TARGET_NAME)";
				SWIFT_VERSION = 5.0;
				TARGETED_DEVICE_FAMILY = "1,2";
				TEST_HOST = "$(BUILT_PRODUCTS_DIR)/OpenWeatherApp.app/OpenWeatherApp";
			};
			name = Debug;
		};
		87334A3F23968F830067A0EC /* Release */ = {
			isa = XCBuildConfiguration;
			buildSettings = {
				ALWAYS_EMBED_SWIFT_STANDARD_LIBRARIES = YES;
				BUNDLE_LOADER = "$(TEST_HOST)";
				CODE_SIGN_STYLE = Automatic;
				INFOPLIST_FILE = OpenWeatherAppTests/Info.plist;
				IPHONEOS_DEPLOYMENT_TARGET = 13.2;
				LD_RUNPATH_SEARCH_PATHS = (
					"$(inherited)",
					"@executable_path/Frameworks",
					"@loader_path/Frameworks",
				);
				PRODUCT_BUNDLE_IDENTIFIER = com.njoroge.OpenWeatherAppTests;
				PRODUCT_NAME = "$(TARGET_NAME)";
				SWIFT_VERSION = 5.0;
				TARGETED_DEVICE_FAMILY = "1,2";
				TEST_HOST = "$(BUILT_PRODUCTS_DIR)/OpenWeatherApp.app/OpenWeatherApp";
			};
			name = Release;
		};
		87334A4123968F830067A0EC /* Debug */ = {
			isa = XCBuildConfiguration;
			buildSettings = {
				ALWAYS_EMBED_SWIFT_STANDARD_LIBRARIES = YES;
				CODE_SIGN_STYLE = Automatic;
				INFOPLIST_FILE = OpenWeatherAppUITests/Info.plist;
				LD_RUNPATH_SEARCH_PATHS = (
					"$(inherited)",
					"@executable_path/Frameworks",
					"@loader_path/Frameworks",
				);
				PRODUCT_BUNDLE_IDENTIFIER = com.njoroge.OpenWeatherAppUITests;
				PRODUCT_NAME = "$(TARGET_NAME)";
				SWIFT_VERSION = 5.0;
				TARGETED_DEVICE_FAMILY = "1,2";
				TEST_TARGET_NAME = OpenWeatherApp;
			};
			name = Debug;
		};
		87334A4223968F830067A0EC /* Release */ = {
			isa = XCBuildConfiguration;
			buildSettings = {
				ALWAYS_EMBED_SWIFT_STANDARD_LIBRARIES = YES;
				CODE_SIGN_STYLE = Automatic;
				INFOPLIST_FILE = OpenWeatherAppUITests/Info.plist;
				LD_RUNPATH_SEARCH_PATHS = (
					"$(inherited)",
					"@executable_path/Frameworks",
					"@loader_path/Frameworks",
				);
				PRODUCT_BUNDLE_IDENTIFIER = com.njoroge.OpenWeatherAppUITests;
				PRODUCT_NAME = "$(TARGET_NAME)";
				SWIFT_VERSION = 5.0;
				TARGETED_DEVICE_FAMILY = "1,2";
				TEST_TARGET_NAME = OpenWeatherApp;
			};
			name = Release;
		};
/* End XCBuildConfiguration section */

/* Begin XCConfigurationList section */
		87334A0B23968F800067A0EC /* Build configuration list for PBXProject "OpenWeatherApp" */ = {
			isa = XCConfigurationList;
			buildConfigurations = (
				87334A3823968F830067A0EC /* Debug */,
				87334A3923968F830067A0EC /* Release */,
			);
			defaultConfigurationIsVisible = 0;
			defaultConfigurationName = Release;
		};
		87334A3A23968F830067A0EC /* Build configuration list for PBXNativeTarget "OpenWeatherApp" */ = {
			isa = XCConfigurationList;
			buildConfigurations = (
				87334A3B23968F830067A0EC /* Debug */,
				87334A3C23968F830067A0EC /* Release */,
			);
			defaultConfigurationIsVisible = 0;
			defaultConfigurationName = Release;
		};
		87334A3D23968F830067A0EC /* Build configuration list for PBXNativeTarget "OpenWeatherAppTests" */ = {
			isa = XCConfigurationList;
			buildConfigurations = (
				87334A3E23968F830067A0EC /* Debug */,
				87334A3F23968F830067A0EC /* Release */,
			);
			defaultConfigurationIsVisible = 0;
			defaultConfigurationName = Release;
		};
		87334A4023968F830067A0EC /* Build configuration list for PBXNativeTarget "OpenWeatherAppUITests" */ = {
			isa = XCConfigurationList;
			buildConfigurations = (
				87334A4123968F830067A0EC /* Debug */,
				87334A4223968F830067A0EC /* Release */,
			);
			defaultConfigurationIsVisible = 0;
			defaultConfigurationName = Release;
		};
/* End XCConfigurationList section */
	};
	rootObject = 87334A0823968F800067A0EC /* Project object */;
}
